
Microsoft Visual Studio Solution File, Format Version 12.00
# Visual Studio Version 16
VisualStudioVersion = 16.0.32413.511
MinimumVisualStudioVersion = 10.0.40219.1
Project("{8BC9CEB8-8B4A-11D0-8D11-00A0C91BC942}") = "1NN", "1NN.vcxproj", "{B365E615-9539-450B-9564-C6373C84865E}"
EndProject
Global
	GlobalSection(SolutionConfigurationPlatforms) = preSolution
		Debug|x64 = Debug|x64
		Debug|x86 = Debug|x86
		Release|x64 = Release|x64
		Release|x86 = Release|x86
	EndGlobalSection
	GlobalSection(ProjectConfigurationPlatforms) = postSolution
		{B365E615-9539-450B-9564-C6373C84865E}.Debug|x64.ActiveCfg = Debug|x64
		{B365E615-9539-450B-9564-C6373C84865E}.Debug|x64.Build.0 = Debug|x64
		{B365E615-9539-450B-9564-C6373C84865E}.Debug|x86.ActiveCfg = Debug|Win32
		{B365E615-9539-450B-9564-C6373C84865E}.Debug|x86.Build.0 = Debug|Win32
		{B365E615-9539-450B-9564-C6373C84865E}.Release|x64.ActiveCfg = Release|x64
		{B365E615-9539-450B-9564-C6373C84865E}.Release|x64.Build.0 = Release|x64
		{B365E615-9539-450B-9564-C6373C84865E}.Release|x86.ActiveCfg = Release|Win32
		{B365E615-9539-450B-9564-C6373C84865E}.Release|x86.Build.0 = Release|Win32
	EndGlobalSection
	GlobalSection(SolutionProperties) = preSolution
		HideSolutionNode = FALSE
	EndGlobalSection
	GlobalSection(ExtensibilityGlobals) = postSolution
		SolutionGuid = {BA08FF89-C491-4A05-A3B7-3D76E5CDBE2A}
	EndGlobalSection
EndGlobal
